
Microsoft Visual Studio Solution File, Format Version 12.00
# Visual Studio Version 17
VisualStudioVersion = 17.7.34003.232
MinimumVisualStudioVersion = 10.0.40219.1
Project("{8BC9CEB8-8B4A-11D0-8D11-00A0C91BC942}") = "2023-8-13", "2023-8-13.vcxproj", "{CD94DC66-2C1E-4EE5-BDF8-AB1A5122C323}"
EndProject
Global
	GlobalSection(SolutionConfigurationPlatforms) = preSolution
		Debug|x64 = Debug|x64
		Debug|x86 = Debug|x86
		Release|x64 = Release|x64
		Release|x86 = Release|x86
	EndGlobalSection
	GlobalSection(ProjectConfigurationPlatforms) = postSolution
		{CD94DC66-2C1E-4EE5-BDF8-AB1A5122C323}.Debug|x64.ActiveCfg = Debug|x64
		{CD94DC66-2C1E-4EE5-BDF8-AB1A5122C323}.Debug|x64.Build.0 = Debug|x64
		{CD94DC66-2C1E-4EE5-BDF8-AB1A5122C323}.Debug|x86.ActiveCfg = Debug|Win32
		{CD94DC66-2C1E-4EE5-BDF8-AB1A5122C323}.Debug|x86.Build.0 = Debug|Win32
		{CD94DC66-2C1E-4EE5-BDF8-AB1A5122C323}.Release|x64.ActiveCfg = Release|x64
		{CD94DC66-2C1E-4EE5-BDF8-AB1A5122C323}.Release|x64.Build.0 = Release|x64
		{CD94DC66-2C1E-4EE5-BDF8-AB1A5122C323}.Release|x86.ActiveCfg = Release|Win32
		{CD94DC66-2C1E-4EE5-BDF8-AB1A5122C323}.Release|x86.Build.0 = Release|Win32
	EndGlobalSection
	GlobalSection(SolutionProperties) = preSolution
		HideSolutionNode = FALSE
	EndGlobalSection
	GlobalSection(ExtensibilityGlobals) = postSolution
		SolutionGuid = {F90709E3-E872-4814-BF5C-F6FD10CD0675}
	EndGlobalSection
EndGlobal
