
Microsoft Visual Studio Solution File, Format Version 12.00
# Visual Studio Version 16
VisualStudioVersion = 16.0.33801.447
MinimumVisualStudioVersion = 10.0.40219.1
Project("{8BC9CEB8-8B4A-11D0-8D11-00A0C91BC942}") = "text-7-25", "text-7-25.vcxproj", "{8BF4FA14-4402-479E-9DFA-FABD887602BA}"
EndProject
Global
	GlobalSection(SolutionConfigurationPlatforms) = preSolution
		Debug|x64 = Debug|x64
		Debug|x86 = Debug|x86
		Release|x64 = Release|x64
		Release|x86 = Release|x86
	EndGlobalSection
	GlobalSection(ProjectConfigurationPlatforms) = postSolution
		{8BF4FA14-4402-479E-9DFA-FABD887602BA}.Debug|x64.ActiveCfg = Debug|x64
		{8BF4FA14-4402-479E-9DFA-FABD887602BA}.Debug|x64.Build.0 = Debug|x64
		{8BF4FA14-4402-479E-9DFA-FABD887602BA}.Debug|x86.ActiveCfg = Debug|Win32
		{8BF4FA14-4402-479E-9DFA-FABD887602BA}.Debug|x86.Build.0 = Debug|Win32
		{8BF4FA14-4402-479E-9DFA-FABD887602BA}.Release|x64.ActiveCfg = Release|x64
		{8BF4FA14-4402-479E-9DFA-FABD887602BA}.Release|x64.Build.0 = Release|x64
		{8BF4FA14-4402-479E-9DFA-FABD887602BA}.Release|x86.ActiveCfg = Release|Win32
		{8BF4FA14-4402-479E-9DFA-FABD887602BA}.Release|x86.Build.0 = Release|Win32
	EndGlobalSection
	GlobalSection(SolutionProperties) = preSolution
		HideSolutionNode = FALSE
	EndGlobalSection
	GlobalSection(ExtensibilityGlobals) = postSolution
		SolutionGuid = {5BDEE636-767F-470D-BCB7-EFE2C6A7CD52}
	EndGlobalSection
EndGlobal
